
Microsoft Visual Studio Solution File, Format Version 12.00
# Visual Studio 15
VisualStudioVersion = 15.0.27428.1
MinimumVisualStudioVersion = 10.0.40219.1
Project("{FAE04EC0-301F-11D3-BF4B-00C04F79EFBC}") = "InnBooking", "InnBooking\InnBooking.csproj", "{6E67F2E3-96E5-4522-9D6D-F7C2E5ABEC8F}"
EndProject
Global
	GlobalSection(SolutionConfigurationPlatforms) = preSolution
		Debug|Any CPU = Debug|Any CPU
		Release|Any CPU = Release|Any CPU
	EndGlobalSection
	GlobalSection(ProjectConfigurationPlatforms) = postSolution
		{6E67F2E3-96E5-4522-9D6D-F7C2E5ABEC8F}.Debug|Any CPU.ActiveCfg = Debug|Any CPU
		{6E67F2E3-96E5-4522-9D6D-F7C2E5ABEC8F}.Debug|Any CPU.Build.0 = Debug|Any CPU
		{6E67F2E3-96E5-4522-9D6D-F7C2E5ABEC8F}.Release|Any CPU.ActiveCfg = Release|Any CPU
		{6E67F2E3-96E5-4522-9D6D-F7C2E5ABEC8F}.Release|Any CPU.Build.0 = Release|Any CPU
	EndGlobalSection
	GlobalSection(SolutionProperties) = preSolution
		HideSolutionNode = FALSE
	EndGlobalSection
	GlobalSection(ExtensibilityGlobals) = postSolution
		SolutionGuid = {7E95DA16-3D19-4E5E-BBA7-A8C2B80E00A6}
	EndGlobalSection
EndGlobal
